
Microsoft Visual Studio Solution File, Format Version 12.00
# Visual Studio Version 17
VisualStudioVersion = 17.7.34031.279
MinimumVisualStudioVersion = 10.0.40219.1
Project("{888888A0-9F3D-457C-B088-3A5042F75D52}") = "FlappyBirth", "FlappyBirth.pyproj", "{4FFB0E33-0ABC-4D38-A4AC-8EA7545BE0DA}"
EndProject
Global
	GlobalSection(SolutionConfigurationPlatforms) = preSolution
		Debug|Any CPU = Debug|Any CPU
		Release|Any CPU = Release|Any CPU
	EndGlobalSection
	GlobalSection(ProjectConfigurationPlatforms) = postSolution
		{4FFB0E33-0ABC-4D38-A4AC-8EA7545BE0DA}.Debug|Any CPU.ActiveCfg = Debug|Any CPU
		{4FFB0E33-0ABC-4D38-A4AC-8EA7545BE0DA}.Release|Any CPU.ActiveCfg = Release|Any CPU
	EndGlobalSection
	GlobalSection(SolutionProperties) = preSolution
		HideSolutionNode = FALSE
	EndGlobalSection
	GlobalSection(ExtensibilityGlobals) = postSolution
		SolutionGuid = {DCE1F19D-DA6B-4C13-BA2C-B76EBAABAEFD}
	EndGlobalSection
EndGlobal
